
Microsoft Visual Studio Solution File, Format Version 12.00
# Visual Studio Version 17
VisualStudioVersion = 17.9.34728.123
MinimumVisualStudioVersion = 10.0.40219.1
Project("{FAE04EC0-301F-11D3-BF4B-00C04F79EFBC}") = "Commander", "Commander\Commander.csproj", "{9BBB02A2-0E66-4823-8BE5-1CE11124FE3A}"
EndProject
Global
	GlobalSection(SolutionConfigurationPlatforms) = preSolution
		Debug|Any CPU = Debug|Any CPU
		Release|Any CPU = Release|Any CPU
	EndGlobalSection
	GlobalSection(ProjectConfigurationPlatforms) = postSolution
		{9BBB02A2-0E66-4823-8BE5-1CE11124FE3A}.Debug|Any CPU.ActiveCfg = Debug|Any CPU
		{9BBB02A2-0E66-4823-8BE5-1CE11124FE3A}.Debug|Any CPU.Build.0 = Debug|Any CPU
		{9BBB02A2-0E66-4823-8BE5-1CE11124FE3A}.Release|Any CPU.ActiveCfg = Release|Any CPU
		{9BBB02A2-0E66-4823-8BE5-1CE11124FE3A}.Release|Any CPU.Build.0 = Release|Any CPU
	EndGlobalSection
	GlobalSection(SolutionProperties) = preSolution
		HideSolutionNode = FALSE
	EndGlobalSection
	GlobalSection(ExtensibilityGlobals) = postSolution
		SolutionGuid = {BD28EA46-7B68-4A96-A368-5601227AD824}
	EndGlobalSection
EndGlobal
